
Microsoft Visual Studio Solution File, Format Version 12.00
# Visual Studio 15
VisualStudioVersion = 15.0.28307.271
MinimumVisualStudioVersion = 10.0.40219.1
Project("{9A19103F-16F7-4668-BE54-9A1E7A4F7556}") = "ASPCoreWebAPI", "ASPCoreWebAPI\ASPCoreWebAPI.csproj", "{F6DFC97C-A3D2-4F1B-A8AE-8069C59265AE}"
EndProject
Project("{FAE04EC0-301F-11D3-BF4B-00C04F79EFBC}") = "NUnitTestASPCoreWebApi", "NUnitTestASPCoreWebApi\NUnitTestASPCoreWebApi.csproj", "{5916ADB2-7668-4A8F-8095-DC82A952A510}"
EndProject
Global
	GlobalSection(SolutionConfigurationPlatforms) = preSolution
		Debug|Any CPU = Debug|Any CPU
		Release|Any CPU = Release|Any CPU
	EndGlobalSection
	GlobalSection(ProjectConfigurationPlatforms) = postSolution
		{F6DFC97C-A3D2-4F1B-A8AE-8069C59265AE}.Debug|Any CPU.ActiveCfg = Debug|Any CPU
		{F6DFC97C-A3D2-4F1B-A8AE-8069C59265AE}.Debug|Any CPU.Build.0 = Debug|Any CPU
		{F6DFC97C-A3D2-4F1B-A8AE-8069C59265AE}.Release|Any CPU.ActiveCfg = Release|Any CPU
		{F6DFC97C-A3D2-4F1B-A8AE-8069C59265AE}.Release|Any CPU.Build.0 = Release|Any CPU
		{5916ADB2-7668-4A8F-8095-DC82A952A510}.Debug|Any CPU.ActiveCfg = Debug|Any CPU
		{5916ADB2-7668-4A8F-8095-DC82A952A510}.Debug|Any CPU.Build.0 = Debug|Any CPU
		{5916ADB2-7668-4A8F-8095-DC82A952A510}.Release|Any CPU.ActiveCfg = Release|Any CPU
		{5916ADB2-7668-4A8F-8095-DC82A952A510}.Release|Any CPU.Build.0 = Release|Any CPU
	EndGlobalSection
	GlobalSection(SolutionProperties) = preSolution
		HideSolutionNode = FALSE
	EndGlobalSection
	GlobalSection(ExtensibilityGlobals) = postSolution
		SolutionGuid = {878AADC0-82A3-454E-B8B7-9037562BC832}
	EndGlobalSection
EndGlobal
